
Microsoft Visual Studio Solution File, Format Version 12.00
# Visual Studio Version 17
VisualStudioVersion = 17.0.31903.59
MinimumVisualStudioVersion = 10.0.40219.1
Project("{FAE04EC0-301F-11D3-BF4B-00C04F79EFBC}") = "CounterChallenge", "CounterChallenge\CounterChallenge.csproj", "{555B3B20-00ED-49B1-BA65-23BAC42E267E}"
EndProject
Project("{FAE04EC0-301F-11D3-BF4B-00C04F79EFBC}") = "CounterChallengeTests", "CounterChallengeTests\CounterChallengeTests.csproj", "{0EF0B0D5-F315-453B-BD92-979F77845B96}"
EndProject
Global
	GlobalSection(SolutionConfigurationPlatforms) = preSolution
		Debug|Any CPU = Debug|Any CPU
		Release|Any CPU = Release|Any CPU
	EndGlobalSection
	GlobalSection(SolutionProperties) = preSolution
		HideSolutionNode = FALSE
	EndGlobalSection
	GlobalSection(ProjectConfigurationPlatforms) = postSolution
		{555B3B20-00ED-49B1-BA65-23BAC42E267E}.Debug|Any CPU.ActiveCfg = Debug|Any CPU
		{555B3B20-00ED-49B1-BA65-23BAC42E267E}.Debug|Any CPU.Build.0 = Debug|Any CPU
		{555B3B20-00ED-49B1-BA65-23BAC42E267E}.Release|Any CPU.ActiveCfg = Release|Any CPU
		{555B3B20-00ED-49B1-BA65-23BAC42E267E}.Release|Any CPU.Build.0 = Release|Any CPU
		{0EF0B0D5-F315-453B-BD92-979F77845B96}.Debug|Any CPU.ActiveCfg = Debug|Any CPU
		{0EF0B0D5-F315-453B-BD92-979F77845B96}.Debug|Any CPU.Build.0 = Debug|Any CPU
		{0EF0B0D5-F315-453B-BD92-979F77845B96}.Release|Any CPU.ActiveCfg = Release|Any CPU
		{0EF0B0D5-F315-453B-BD92-979F77845B96}.Release|Any CPU.Build.0 = Release|Any CPU
	EndGlobalSection
EndGlobal
